
Microsoft Visual Studio Solution File, Format Version 12.00
# Visual Studio Version 17
VisualStudioVersion = 17.4.33122.133
MinimumVisualStudioVersion = 10.0.40219.1
Project("{9A19103F-16F7-4668-BE54-9A1E7A4F7556}") = "Blue.Core", "Blue.Core\Blue.Core.csproj", "{F8D540DC-ED69-4D8D-954B-65C5D6C5CE75}"
EndProject
Project("{9A19103F-16F7-4668-BE54-9A1E7A4F7556}") = "Blue.DataAccess", "Blue.DataAccess\Blue.DataAccess.csproj", "{123DC69C-2C17-4FBD-B98C-552132D91A40}"
EndProject
Project("{9A19103F-16F7-4668-BE54-9A1E7A4F7556}") = "Blue.Common", "Blue.Common\Blue.Common.csproj", "{80051511-FC64-4A3B-A970-40E8090CEA97}"
EndProject
Project("{9A19103F-16F7-4668-BE54-9A1E7A4F7556}") = "Blue.Business", "Blue.Business\Blue.Business.csproj", "{A9EE1353-AE8F-4CB7-ABB8-0A423695C23B}"
EndProject
Project("{9A19103F-16F7-4668-BE54-9A1E7A4F7556}") = "Blue.Api", "Blue.Api\Blue.Api.csproj", "{DD78E4F4-D4F6-4605-8D9D-A2EDAE1C1714}"
EndProject
Project("{9A19103F-16F7-4668-BE54-9A1E7A4F7556}") = "Blue.Platform", "Blue.Platform\Blue.Platform.csproj", "{13BA4472-D18D-4FC8-BFF8-A50A78277B40}"
EndProject
Global
	GlobalSection(SolutionConfigurationPlatforms) = preSolution
		Debug|Any CPU = Debug|Any CPU
		Release|Any CPU = Release|Any CPU
	EndGlobalSection
	GlobalSection(ProjectConfigurationPlatforms) = postSolution
		{F8D540DC-ED69-4D8D-954B-65C5D6C5CE75}.Debug|Any CPU.ActiveCfg = Debug|Any CPU
		{F8D540DC-ED69-4D8D-954B-65C5D6C5CE75}.Debug|Any CPU.Build.0 = Debug|Any CPU
		{F8D540DC-ED69-4D8D-954B-65C5D6C5CE75}.Release|Any CPU.ActiveCfg = Release|Any CPU
		{F8D540DC-ED69-4D8D-954B-65C5D6C5CE75}.Release|Any CPU.Build.0 = Release|Any CPU
		{123DC69C-2C17-4FBD-B98C-552132D91A40}.Debug|Any CPU.ActiveCfg = Debug|Any CPU
		{123DC69C-2C17-4FBD-B98C-552132D91A40}.Debug|Any CPU.Build.0 = Debug|Any CPU
		{123DC69C-2C17-4FBD-B98C-552132D91A40}.Release|Any CPU.ActiveCfg = Release|Any CPU
		{123DC69C-2C17-4FBD-B98C-552132D91A40}.Release|Any CPU.Build.0 = Release|Any CPU
		{80051511-FC64-4A3B-A970-40E8090CEA97}.Debug|Any CPU.ActiveCfg = Debug|Any CPU
		{80051511-FC64-4A3B-A970-40E8090CEA97}.Debug|Any CPU.Build.0 = Debug|Any CPU
		{80051511-FC64-4A3B-A970-40E8090CEA97}.Release|Any CPU.ActiveCfg = Release|Any CPU
		{80051511-FC64-4A3B-A970-40E8090CEA97}.Release|Any CPU.Build.0 = Release|Any CPU
		{A9EE1353-AE8F-4CB7-ABB8-0A423695C23B}.Debug|Any CPU.ActiveCfg = Debug|Any CPU
		{A9EE1353-AE8F-4CB7-ABB8-0A423695C23B}.Debug|Any CPU.Build.0 = Debug|Any CPU
		{A9EE1353-AE8F-4CB7-ABB8-0A423695C23B}.Release|Any CPU.ActiveCfg = Release|Any CPU
		{A9EE1353-AE8F-4CB7-ABB8-0A423695C23B}.Release|Any CPU.Build.0 = Release|Any CPU
		{DD78E4F4-D4F6-4605-8D9D-A2EDAE1C1714}.Debug|Any CPU.ActiveCfg = Debug|Any CPU
		{DD78E4F4-D4F6-4605-8D9D-A2EDAE1C1714}.Debug|Any CPU.Build.0 = Debug|Any CPU
		{DD78E4F4-D4F6-4605-8D9D-A2EDAE1C1714}.Release|Any CPU.ActiveCfg = Release|Any CPU
		{DD78E4F4-D4F6-4605-8D9D-A2EDAE1C1714}.Release|Any CPU.Build.0 = Release|Any CPU
		{13BA4472-D18D-4FC8-BFF8-A50A78277B40}.Debug|Any CPU.ActiveCfg = Debug|Any CPU
		{13BA4472-D18D-4FC8-BFF8-A50A78277B40}.Debug|Any CPU.Build.0 = Debug|Any CPU
		{13BA4472-D18D-4FC8-BFF8-A50A78277B40}.Release|Any CPU.ActiveCfg = Release|Any CPU
		{13BA4472-D18D-4FC8-BFF8-A50A78277B40}.Release|Any CPU.Build.0 = Release|Any CPU
	EndGlobalSection
	GlobalSection(SolutionProperties) = preSolution
		HideSolutionNode = FALSE
	EndGlobalSection
	GlobalSection(ExtensibilityGlobals) = postSolution
		SolutionGuid = {A6F2A202-892A-40E2-8DB3-5D00167AB7AA}
	EndGlobalSection
EndGlobal
