
Microsoft Visual Studio Solution File, Format Version 12.00
# Visual Studio Version 17
VisualStudioVersion = 17.8.34330.188
MinimumVisualStudioVersion = 10.0.40219.1
Project("{FAE04EC0-301F-11D3-BF4B-00C04F79EFBC}") = "Blue.Presentation", "Blue.Presentation\Blue.Presentation.csproj", "{89F9CB92-0E85-465D-9249-EB7993313CEC}"
EndProject
Global
	GlobalSection(SolutionConfigurationPlatforms) = preSolution
		Debug|Any CPU = Debug|Any CPU
		Release|Any CPU = Release|Any CPU
	EndGlobalSection
	GlobalSection(ProjectConfigurationPlatforms) = postSolution
		{89F9CB92-0E85-465D-9249-EB7993313CEC}.Debug|Any CPU.ActiveCfg = Debug|Any CPU
		{89F9CB92-0E85-465D-9249-EB7993313CEC}.Debug|Any CPU.Build.0 = Debug|Any CPU
		{89F9CB92-0E85-465D-9249-EB7993313CEC}.Release|Any CPU.ActiveCfg = Release|Any CPU
		{89F9CB92-0E85-465D-9249-EB7993313CEC}.Release|Any CPU.Build.0 = Release|Any CPU
	EndGlobalSection
	GlobalSection(SolutionProperties) = preSolution
		HideSolutionNode = FALSE
	EndGlobalSection
	GlobalSection(ExtensibilityGlobals) = postSolution
		SolutionGuid = {3030CF43-84C9-4983-87AD-E51407009784}
	EndGlobalSection
EndGlobal
